
Microsoft Visual Studio Solution File, Format Version 12.00
# Visual Studio Version 16
VisualStudioVersion = 16.0.30204.135
MinimumVisualStudioVersion = 10.0.40219.1
Project("{D954291E-2A0B-460D-934E-DC6B0785DB48}") = "UnoSC.Shared", "UnoSC\UnoSC.Shared\UnoSC.Shared.shproj", "{6279C845-92F8-4333-AB99-3D213163593C}"
EndProject
Project("{FAE04EC0-301F-11D3-BF4B-00C04F79EFBC}") = "UnoSC.Droid", "UnoSC\UnoSC.Droid\UnoSC.Droid.csproj", "{C7D7CD78-F4B2-4893-A2A7-EF6AD600BE22}"
EndProject
Project("{FAE04EC0-301F-11D3-BF4B-00C04F79EFBC}") = "UnoSC.iOS", "UnoSC\UnoSC.iOS\UnoSC.iOS.csproj", "{E21C90AA-A081-4238-A3E6-567C53113322}"
EndProject
Project("{FAE04EC0-301F-11D3-BF4B-00C04F79EFBC}") = "UnoSC.UWP", "UnoSC\UnoSC.UWP\UnoSC.UWP.csproj", "{44EA9D0D-5A53-4E00-A409-6F95B95D0447}"
EndProject
Project("{FAE04EC0-301F-11D3-BF4B-00C04F79EFBC}") = "UnoSC.Wasm", "UnoSC\UnoSC.Wasm\UnoSC.Wasm.csproj", "{E1BCEF52-48BD-4342-BB9B-D8FFA5967B10}"
EndProject
Project("{FAE04EC0-301F-11D3-BF4B-00C04F79EFBC}") = "UnoSC.macOS", "UnoSC\UnoSC.macOS\UnoSC.macOS.csproj", "{9D4711F6-6B2C-4E87-80E5-69C3B2BCB8F9}"
EndProject
Global
	GlobalSection(SharedMSBuildProjectFiles) = preSolution
		UnoSC\UnoSC.Shared\UnoSC.Shared.projitems*{44ea9d0d-5a53-4e00-a409-6f95b95d0447}*SharedItemsImports = 4
		UnoSC\UnoSC.Shared\UnoSC.Shared.projitems*{6279c845-92f8-4333-ab99-3d213163593c}*SharedItemsImports = 13
		UnoSC\UnoSC.Shared\UnoSC.Shared.projitems*{9d4711f6-6b2c-4e87-80e5-69c3b2bcb8f9}*SharedItemsImports = 4
		UnoSC\UnoSC.Shared\UnoSC.Shared.projitems*{c7d7cd78-f4b2-4893-a2a7-ef6ad600be22}*SharedItemsImports = 4
		UnoSC\UnoSC.Shared\UnoSC.Shared.projitems*{e1bcef52-48bd-4342-bb9b-d8ffa5967b10}*SharedItemsImports = 5
		UnoSC\UnoSC.Shared\UnoSC.Shared.projitems*{e21c90aa-a081-4238-a3e6-567c53113322}*SharedItemsImports = 4
	EndGlobalSection
	GlobalSection(SolutionConfigurationPlatforms) = preSolution
		Ad-Hoc|Any CPU = Ad-Hoc|Any CPU
		Ad-Hoc|ARM = Ad-Hoc|ARM
		Ad-Hoc|ARM64 = Ad-Hoc|ARM64
		Ad-Hoc|iPhone = Ad-Hoc|iPhone
		Ad-Hoc|iPhoneSimulator = Ad-Hoc|iPhoneSimulator
		Ad-Hoc|x64 = Ad-Hoc|x64
		Ad-Hoc|x86 = Ad-Hoc|x86
		AppStore|Any CPU = AppStore|Any CPU
		AppStore|ARM = AppStore|ARM
		AppStore|ARM64 = AppStore|ARM64
		AppStore|iPhone = AppStore|iPhone
		AppStore|iPhoneSimulator = AppStore|iPhoneSimulator
		AppStore|x64 = AppStore|x64
		AppStore|x86 = AppStore|x86
		Debug|Any CPU = Debug|Any CPU
		Debug|ARM = Debug|ARM
		Debug|ARM64 = Debug|ARM64
		Debug|iPhone = Debug|iPhone
		Debug|iPhoneSimulator = Debug|iPhoneSimulator
		Debug|x64 = Debug|x64
		Debug|x86 = Debug|x86
		Release|Any CPU = Release|Any CPU
		Release|ARM = Release|ARM
		Release|ARM64 = Release|ARM64
		Release|iPhone = Release|iPhone
		Release|iPhoneSimulator = Release|iPhoneSimulator
		Release|x64 = Release|x64
		Release|x86 = Release|x86
	EndGlobalSection
	GlobalSection(ProjectConfigurationPlatforms) = postSolution
		{C7D7CD78-F4B2-4893-A2A7-EF6AD600BE22}.Ad-Hoc|Any CPU.ActiveCfg = Release|Any CPU
		{C7D7CD78-F4B2-4893-A2A7-EF6AD600BE22}.Ad-Hoc|Any CPU.Build.0 = Release|Any CPU
		{C7D7CD78-F4B2-4893-A2A7-EF6AD600BE22}.Ad-Hoc|Any CPU.Deploy.0 = Release|Any CPU
		{C7D7CD78-F4B2-4893-A2A7-EF6AD600BE22}.Ad-Hoc|ARM.ActiveCfg = Release|Any CPU
		{C7D7CD78-F4B2-4893-A2A7-EF6AD600BE22}.Ad-Hoc|ARM.Build.0 = Release|Any CPU
		{C7D7CD78-F4B2-4893-A2A7-EF6AD600BE22}.Ad-Hoc|ARM.Deploy.0 = Release|Any CPU
		{C7D7CD78-F4B2-4893-A2A7-EF6AD600BE22}.Ad-Hoc|ARM64.ActiveCfg = Release|Any CPU
		{C7D7CD78-F4B2-4893-A2A7-EF6AD600BE22}.Ad-Hoc|ARM64.Build.0 = Release|Any CPU
		{C7D7CD78-F4B2-4893-A2A7-EF6AD600BE22}.Ad-Hoc|ARM64.Deploy.0 = Release|Any CPU
		{C7D7CD78-F4B2-4893-A2A7-EF6AD600BE22}.Ad-Hoc|iPhone.ActiveCfg = Release|Any CPU
		{C7D7CD78-F4B2-4893-A2A7-EF6AD600BE22}.Ad-Hoc|iPhone.Build.0 = Release|Any CPU
		{C7D7CD78-F4B2-4893-A2A7-EF6AD600BE22}.Ad-Hoc|iPhone.Deploy.0 = Release|Any CPU
		{C7D7CD78-F4B2-4893-A2A7-EF6AD600BE22}.Ad-Hoc|iPhoneSimulator.ActiveCfg = Release|Any CPU
		{C7D7CD78-F4B2-4893-A2A7-EF6AD600BE22}.Ad-Hoc|iPhoneSimulator.Build.0 = Release|Any CPU
		{C7D7CD78-F4B2-4893-A2A7-EF6AD600BE22}.Ad-Hoc|iPhoneSimulator.Deploy.0 = Release|Any CPU
		{C7D7CD78-F4B2-4893-A2A7-EF6AD600BE22}.Ad-Hoc|x64.ActiveCfg = Release|Any CPU
		{C7D7CD78-F4B2-4893-A2A7-EF6AD600BE22}.Ad-Hoc|x64.Build.0 = Release|Any CPU
		{C7D7CD78-F4B2-4893-A2A7-EF6AD600BE22}.Ad-Hoc|x64.Deploy.0 = Release|Any CPU
		{C7D7CD78-F4B2-4893-A2A7-EF6AD600BE22}.Ad-Hoc|x86.ActiveCfg = Release|Any CPU
		{C7D7CD78-F4B2-4893-A2A7-EF6AD600BE22}.Ad-Hoc|x86.Build.0 = Release|Any CPU
		{C7D7CD78-F4B2-4893-A2A7-EF6AD600BE22}.Ad-Hoc|x86.Deploy.0 = Release|Any CPU
		{C7D7CD78-F4B2-4893-A2A7-EF6AD600BE22}.AppStore|Any CPU.ActiveCfg = Release|Any CPU
		{C7D7CD78-F4B2-4893-A2A7-EF6AD600BE22}.AppStore|Any CPU.Build.0 = Release|Any CPU
		{C7D7CD78-F4B2-4893-A2A7-EF6AD600BE22}.AppStore|Any CPU.Deploy.0 = Release|Any CPU
		{C7D7CD78-F4B2-4893-A2A7-EF6AD600BE22}.AppStore|ARM.ActiveCfg = Release|Any CPU
		{C7D7CD78-F4B2-4893-A2A7-EF6AD600BE22}.AppStore|ARM.Build.0 = Release|Any CPU
		{C7D7CD78-F4B2-4893-A2A7-EF6AD600BE22}.AppStore|ARM.Deploy.0 = Release|Any CPU
		{C7D7CD78-F4B2-4893-A2A7-EF6AD600BE22}.AppStore|ARM64.ActiveCfg = Release|Any CPU
		{C7D7CD78-F4B2-4893-A2A7-EF6AD600BE22}.AppStore|ARM64.Build.0 = Release|Any CPU
		{C7D7CD78-F4B2-4893-A2A7-EF6AD600BE22}.AppStore|ARM64.Deploy.0 = Release|Any CPU
		{C7D7CD78-F4B2-4893-A2A7-EF6AD600BE22}.AppStore|iPhone.ActiveCfg = Release|Any CPU
		{C7D7CD78-F4B2-4893-A2A7-EF6AD600BE22}.AppStore|iPhone.Build.0 = Release|Any CPU
		{C7D7CD78-F4B2-4893-A2A7-EF6AD600BE22}.AppStore|iPhone.Deploy.0 = Release|Any CPU
		{C7D7CD78-F4B2-4893-A2A7-EF6AD600BE22}.AppStore|iPhoneSimulator.ActiveCfg = Release|Any CPU
		{C7D7CD78-F4B2-4893-A2A7-EF6AD600BE22}.AppStore|iPhoneSimulator.Build.0 = Release|Any CPU
		{C7D7CD78-F4B2-4893-A2A7-EF6AD600BE22}.AppStore|iPhoneSimulator.Deploy.0 = Release|Any CPU
		{C7D7CD78-F4B2-4893-A2A7-EF6AD600BE22}.AppStore|x64.ActiveCfg = Release|Any CPU
		{C7D7CD78-F4B2-4893-A2A7-EF6AD600BE22}.AppStore|x64.Build.0 = Release|Any CPU
		{C7D7CD78-F4B2-4893-A2A7-EF6AD600BE22}.AppStore|x64.Deploy.0 = Release|Any CPU
		{C7D7CD78-F4B2-4893-A2A7-EF6AD600BE22}.AppStore|x86.ActiveCfg = Release|Any CPU
		{C7D7CD78-F4B2-4893-A2A7-EF6AD600BE22}.AppStore|x86.Build.0 = Release|Any CPU
		{C7D7CD78-F4B2-4893-A2A7-EF6AD600BE22}.AppStore|x86.Deploy.0 = Release|Any CPU
		{C7D7CD78-F4B2-4893-A2A7-EF6AD600BE22}.Debug|Any CPU.ActiveCfg = Debug|Any CPU
		{C7D7CD78-F4B2-4893-A2A7-EF6AD600BE22}.Debug|Any CPU.Build.0 = Debug|Any CPU
		{C7D7CD78-F4B2-4893-A2A7-EF6AD600BE22}.Debug|Any CPU.Deploy.0 = Debug|Any CPU
		{C7D7CD78-F4B2-4893-A2A7-EF6AD600BE22}.Debug|ARM.ActiveCfg = Debug|Any CPU
		{C7D7CD78-F4B2-4893-A2A7-EF6AD600BE22}.Debug|ARM.Build.0 = Debug|Any CPU
		{C7D7CD78-F4B2-4893-A2A7-EF6AD600BE22}.Debug|ARM.Deploy.0 = Debug|Any CPU
		{C7D7CD78-F4B2-4893-A2A7-EF6AD600BE22}.Debug|ARM64.ActiveCfg = Debug|Any CPU
		{C7D7CD78-F4B2-4893-A2A7-EF6AD600BE22}.Debug|ARM64.Build.0 = Debug|Any CPU
		{C7D7CD78-F4B2-4893-A2A7-EF6AD600BE22}.Debug|ARM64.Deploy.0 = Debug|Any CPU
		{C7D7CD78-F4B2-4893-A2A7-EF6AD600BE22}.Debug|iPhone.ActiveCfg = Debug|Any CPU
		{C7D7CD78-F4B2-4893-A2A7-EF6AD600BE22}.Debug|iPhone.Build.0 = Debug|Any CPU
		{C7D7CD78-F4B2-4893-A2A7-EF6AD600BE22}.Debug|iPhone.Deploy.0 = Debug|Any CPU
		{C7D7CD78-F4B2-4893-A2A7-EF6AD600BE22}.Debug|iPhoneSimulator.ActiveCfg = Debug|Any CPU
		{C7D7CD78-F4B2-4893-A2A7-EF6AD600BE22}.Debug|iPhoneSimulator.Build.0 = Debug|Any CPU
		{C7D7CD78-F4B2-4893-A2A7-EF6AD600BE22}.Debug|iPhoneSimulator.Deploy.0 = Debug|Any CPU
		{C7D7CD78-F4B2-4893-A2A7-EF6AD600BE22}.Debug|x64.ActiveCfg = Debug|Any CPU
		{C7D7CD78-F4B2-4893-A2A7-EF6AD600BE22}.Debug|x64.Build.0 = Debug|Any CPU
		{C7D7CD78-F4B2-4893-A2A7-EF6AD600BE22}.Debug|x64.Deploy.0 = Debug|Any CPU
		{C7D7CD78-F4B2-4893-A2A7-EF6AD600BE22}.Debug|x86.ActiveCfg = Debug|Any CPU
		{C7D7CD78-F4B2-4893-A2A7-EF6AD600BE22}.Debug|x86.Build.0 = Debug|Any CPU
		{C7D7CD78-F4B2-4893-A2A7-EF6AD600BE22}.Debug|x86.Deploy.0 = Debug|Any CPU
		{C7D7CD78-F4B2-4893-A2A7-EF6AD600BE22}.Release|Any CPU.ActiveCfg = Release|Any CPU
		{C7D7CD78-F4B2-4893-A2A7-EF6AD600BE22}.Release|Any CPU.Build.0 = Release|Any CPU
		{C7D7CD78-F4B2-4893-A2A7-EF6AD600BE22}.Release|Any CPU.Deploy.0 = Release|Any CPU
		{C7D7CD78-F4B2-4893-A2A7-EF6AD600BE22}.Release|ARM.ActiveCfg = Release|Any CPU
		{C7D7CD78-F4B2-4893-A2A7-EF6AD600BE22}.Release|ARM.Build.0 = Release|Any CPU
		{C7D7CD78-F4B2-4893-A2A7-EF6AD600BE22}.Release|ARM.Deploy.0 = Release|Any CPU
		{C7D7CD78-F4B2-4893-A2A7-EF6AD600BE22}.Release|ARM64.ActiveCfg = Release|Any CPU
		{C7D7CD78-F4B2-4893-A2A7-EF6AD600BE22}.Release|ARM64.Build.0 = Release|Any CPU
		{C7D7CD78-F4B2-4893-A2A7-EF6AD600BE22}.Release|ARM64.Deploy.0 = Release|Any CPU
		{C7D7CD78-F4B2-4893-A2A7-EF6AD600BE22}.Release|iPhone.ActiveCfg = Release|Any CPU
		{C7D7CD78-F4B2-4893-A2A7-EF6AD600BE22}.Release|iPhone.Build.0 = Release|Any CPU
		{C7D7CD78-F4B2-4893-A2A7-EF6AD600BE22}.Release|iPhone.Deploy.0 = Release|Any CPU
		{C7D7CD78-F4B2-4893-A2A7-EF6AD600BE22}.Release|iPhoneSimulator.ActiveCfg = Release|Any CPU
		{C7D7CD78-F4B2-4893-A2A7-EF6AD600BE22}.Release|iPhoneSimulator.Build.0 = Release|Any CPU
		{C7D7CD78-F4B2-4893-A2A7-EF6AD600BE22}.Release|iPhoneSimulator.Deploy.0 = Release|Any CPU
		{C7D7CD78-F4B2-4893-A2A7-EF6AD600BE22}.Release|x64.ActiveCfg = Release|Any CPU
		{C7D7CD78-F4B2-4893-A2A7-EF6AD600BE22}.Release|x64.Build.0 = Release|Any CPU
		{C7D7CD78-F4B2-4893-A2A7-EF6AD600BE22}.Release|x64.Deploy.0 = Release|Any CPU
		{C7D7CD78-F4B2-4893-A2A7-EF6AD600BE22}.Release|x86.ActiveCfg = Release|Any CPU
		{C7D7CD78-F4B2-4893-A2A7-EF6AD600BE22}.Release|x86.Build.0 = Release|Any CPU
		{C7D7CD78-F4B2-4893-A2A7-EF6AD600BE22}.Release|x86.Deploy.0 = Release|Any CPU
		{E21C90AA-A081-4238-A3E6-567C53113322}.Ad-Hoc|Any CPU.ActiveCfg = Ad-Hoc|iPhone
		{E21C90AA-A081-4238-A3E6-567C53113322}.Ad-Hoc|ARM.ActiveCfg = Ad-Hoc|iPhone
		{E21C90AA-A081-4238-A3E6-567C53113322}.Ad-Hoc|ARM64.ActiveCfg = Ad-Hoc|iPhone
		{E21C90AA-A081-4238-A3E6-567C53113322}.Ad-Hoc|iPhone.ActiveCfg = Ad-Hoc|iPhone
		{E21C90AA-A081-4238-A3E6-567C53113322}.Ad-Hoc|iPhone.Build.0 = Ad-Hoc|iPhone
		{E21C90AA-A081-4238-A3E6-567C53113322}.Ad-Hoc|iPhoneSimulator.ActiveCfg = Ad-Hoc|iPhoneSimulator
		{E21C90AA-A081-4238-A3E6-567C53113322}.Ad-Hoc|iPhoneSimulator.Build.0 = Ad-Hoc|iPhoneSimulator
		{E21C90AA-A081-4238-A3E6-567C53113322}.Ad-Hoc|x64.ActiveCfg = Ad-Hoc|iPhone
		{E21C90AA-A081-4238-A3E6-567C53113322}.Ad-Hoc|x86.ActiveCfg = Ad-Hoc|iPhone
		{E21C90AA-A081-4238-A3E6-567C53113322}.AppStore|Any CPU.ActiveCfg = AppStore|iPhone
		{E21C90AA-A081-4238-A3E6-567C53113322}.AppStore|ARM.ActiveCfg = AppStore|iPhone
		{E21C90AA-A081-4238-A3E6-567C53113322}.AppStore|ARM64.ActiveCfg = AppStore|iPhone
		{E21C90AA-A081-4238-A3E6-567C53113322}.AppStore|iPhone.ActiveCfg = AppStore|iPhone
		{E21C90AA-A081-4238-A3E6-567C53113322}.AppStore|iPhone.Build.0 = AppStore|iPhone
		{E21C90AA-A081-4238-A3E6-567C53113322}.AppStore|iPhoneSimulator.ActiveCfg = AppStore|iPhoneSimulator
		{E21C90AA-A081-4238-A3E6-567C53113322}.AppStore|iPhoneSimulator.Build.0 = AppStore|iPhoneSimulator
		{E21C90AA-A081-4238-A3E6-567C53113322}.AppStore|x64.ActiveCfg = AppStore|iPhone
		{E21C90AA-A081-4238-A3E6-567C53113322}.AppStore|x86.ActiveCfg = AppStore|iPhone
		{E21C90AA-A081-4238-A3E6-567C53113322}.Debug|Any CPU.ActiveCfg = Debug|iPhone
		{E21C90AA-A081-4238-A3E6-567C53113322}.Debug|ARM.ActiveCfg = Debug|iPhone
		{E21C90AA-A081-4238-A3E6-567C53113322}.Debug|ARM64.ActiveCfg = Debug|iPhone
		{E21C90AA-A081-4238-A3E6-567C53113322}.Debug|iPhone.ActiveCfg = Debug|iPhone
		{E21C90AA-A081-4238-A3E6-567C53113322}.Debug|iPhone.Build.0 = Debug|iPhone
		{E21C90AA-A081-4238-A3E6-567C53113322}.Debug|iPhoneSimulator.ActiveCfg = Debug|iPhoneSimulator
		{E21C90AA-A081-4238-A3E6-567C53113322}.Debug|iPhoneSimulator.Build.0 = Debug|iPhoneSimulator
		{E21C90AA-A081-4238-A3E6-567C53113322}.Debug|x64.ActiveCfg = Debug|iPhone
		{E21C90AA-A081-4238-A3E6-567C53113322}.Debug|x86.ActiveCfg = Debug|iPhone
		{E21C90AA-A081-4238-A3E6-567C53113322}.Release|Any CPU.ActiveCfg = Release|iPhone
		{E21C90AA-A081-4238-A3E6-567C53113322}.Release|ARM.ActiveCfg = Release|iPhone
		{E21C90AA-A081-4238-A3E6-567C53113322}.Release|ARM64.ActiveCfg = Release|iPhone
		{E21C90AA-A081-4238-A3E6-567C53113322}.Release|iPhone.ActiveCfg = Release|iPhone
		{E21C90AA-A081-4238-A3E6-567C53113322}.Release|iPhone.Build.0 = Release|iPhone
		{E21C90AA-A081-4238-A3E6-567C53113322}.Release|iPhoneSimulator.ActiveCfg = Release|iPhoneSimulator
		{E21C90AA-A081-4238-A3E6-567C53113322}.Release|iPhoneSimulator.Build.0 = Release|iPhoneSimulator
		{E21C90AA-A081-4238-A3E6-567C53113322}.Release|x64.ActiveCfg = Release|iPhone
		{E21C90AA-A081-4238-A3E6-567C53113322}.Release|x86.ActiveCfg = Release|iPhone
		{44EA9D0D-5A53-4E00-A409-6F95B95D0447}.Ad-Hoc|Any CPU.ActiveCfg = Release|x64
		{44EA9D0D-5A53-4E00-A409-6F95B95D0447}.Ad-Hoc|Any CPU.Build.0 = Release|x64
		{44EA9D0D-5A53-4E00-A409-6F95B95D0447}.Ad-Hoc|Any CPU.Deploy.0 = Release|x64
		{44EA9D0D-5A53-4E00-A409-6F95B95D0447}.Ad-Hoc|ARM.ActiveCfg = Release|ARM
		{44EA9D0D-5A53-4E00-A409-6F95B95D0447}.Ad-Hoc|ARM.Build.0 = Release|ARM
		{44EA9D0D-5A53-4E00-A409-6F95B95D0447}.Ad-Hoc|ARM.Deploy.0 = Release|ARM
		{44EA9D0D-5A53-4E00-A409-6F95B95D0447}.Ad-Hoc|ARM64.ActiveCfg = Release|ARM64
		{44EA9D0D-5A53-4E00-A409-6F95B95D0447}.Ad-Hoc|ARM64.Build.0 = Release|ARM64
		{44EA9D0D-5A53-4E00-A409-6F95B95D0447}.Ad-Hoc|ARM64.Deploy.0 = Release|ARM64
		{44EA9D0D-5A53-4E00-A409-6F95B95D0447}.Ad-Hoc|iPhone.ActiveCfg = Release|x64
		{44EA9D0D-5A53-4E00-A409-6F95B95D0447}.Ad-Hoc|iPhone.Build.0 = Release|x64
		{44EA9D0D-5A53-4E00-A409-6F95B95D0447}.Ad-Hoc|iPhone.Deploy.0 = Release|x64
		{44EA9D0D-5A53-4E00-A409-6F95B95D0447}.Ad-Hoc|iPhoneSimulator.ActiveCfg = Release|x64
		{44EA9D0D-5A53-4E00-A409-6F95B95D0447}.Ad-Hoc|iPhoneSimulator.Build.0 = Release|x64
		{44EA9D0D-5A53-4E00-A409-6F95B95D0447}.Ad-Hoc|iPhoneSimulator.Deploy.0 = Release|x64
		{44EA9D0D-5A53-4E00-A409-6F95B95D0447}.Ad-Hoc|x64.ActiveCfg = Release|x64
		{44EA9D0D-5A53-4E00-A409-6F95B95D0447}.Ad-Hoc|x64.Build.0 = Release|x64
		{44EA9D0D-5A53-4E00-A409-6F95B95D0447}.Ad-Hoc|x64.Deploy.0 = Release|x64
		{44EA9D0D-5A53-4E00-A409-6F95B95D0447}.Ad-Hoc|x86.ActiveCfg = Release|x86
		{44EA9D0D-5A53-4E00-A409-6F95B95D0447}.Ad-Hoc|x86.Build.0 = Release|x86
		{44EA9D0D-5A53-4E00-A409-6F95B95D0447}.Ad-Hoc|x86.Deploy.0 = Release|x86
		{44EA9D0D-5A53-4E00-A409-6F95B95D0447}.AppStore|Any CPU.ActiveCfg = Release|x64
		{44EA9D0D-5A53-4E00-A409-6F95B95D0447}.AppStore|Any CPU.Build.0 = Release|x64
		{44EA9D0D-5A53-4E00-A409-6F95B95D0447}.AppStore|Any CPU.Deploy.0 = Release|x64
		{44EA9D0D-5A53-4E00-A409-6F95B95D0447}.AppStore|ARM.ActiveCfg = Release|ARM
		{44EA9D0D-5A53-4E00-A409-6F95B95D0447}.AppStore|ARM.Build.0 = Release|ARM
		{44EA9D0D-5A53-4E00-A409-6F95B95D0447}.AppStore|ARM.Deploy.0 = Release|ARM
		{44EA9D0D-5A53-4E00-A409-6F95B95D0447}.AppStore|ARM64.ActiveCfg = Release|ARM64
		{44EA9D0D-5A53-4E00-A409-6F95B95D0447}.AppStore|ARM64.Build.0 = Release|ARM64
		{44EA9D0D-5A53-4E00-A409-6F95B95D0447}.AppStore|ARM64.Deploy.0 = Release|ARM64
		{44EA9D0D-5A53-4E00-A409-6F95B95D0447}.AppStore|iPhone.ActiveCfg = Release|x64
		{44EA9D0D-5A53-4E00-A409-6F95B95D0447}.AppStore|iPhone.Build.0 = Release|x64
		{44EA9D0D-5A53-4E00-A409-6F95B95D0447}.AppStore|iPhone.Deploy.0 = Release|x64
		{44EA9D0D-5A53-4E00-A409-6F95B95D0447}.AppStore|iPhoneSimulator.ActiveCfg = Release|x64
		{44EA9D0D-5A53-4E00-A409-6F95B95D0447}.AppStore|iPhoneSimulator.Build.0 = Release|x64
		{44EA9D0D-5A53-4E00-A409-6F95B95D0447}.AppStore|iPhoneSimulator.Deploy.0 = Release|x64
		{44EA9D0D-5A53-4E00-A409-6F95B95D0447}.AppStore|x64.ActiveCfg = Release|x64
		{44EA9D0D-5A53-4E00-A409-6F95B95D0447}.AppStore|x64.Build.0 = Release|x64
		{44EA9D0D-5A53-4E00-A409-6F95B95D0447}.AppStore|x64.Deploy.0 = Release|x64
		{44EA9D0D-5A53-4E00-A409-6F95B95D0447}.AppStore|x86.ActiveCfg = Release|x86
		{44EA9D0D-5A53-4E00-A409-6F95B95D0447}.AppStore|x86.Build.0 = Release|x86
		{44EA9D0D-5A53-4E00-A409-6F95B95D0447}.AppStore|x86.Deploy.0 = Release|x86
		{44EA9D0D-5A53-4E00-A409-6F95B95D0447}.Debug|Any CPU.ActiveCfg = Debug|x86
		{44EA9D0D-5A53-4E00-A409-6F95B95D0447}.Debug|ARM.ActiveCfg = Debug|ARM
		{44EA9D0D-5A53-4E00-A409-6F95B95D0447}.Debug|ARM.Build.0 = Debug|ARM
		{44EA9D0D-5A53-4E00-A409-6F95B95D0447}.Debug|ARM.Deploy.0 = Debug|ARM
		{44EA9D0D-5A53-4E00-A409-6F95B95D0447}.Debug|ARM64.ActiveCfg = Debug|ARM64
		{44EA9D0D-5A53-4E00-A409-6F95B95D0447}.Debug|ARM64.Build.0 = Debug|ARM64
		{44EA9D0D-5A53-4E00-A409-6F95B95D0447}.Debug|ARM64.Deploy.0 = Debug|ARM64
		{44EA9D0D-5A53-4E00-A409-6F95B95D0447}.Debug|iPhone.ActiveCfg = Debug|x86
		{44EA9D0D-5A53-4E00-A409-6F95B95D0447}.Debug|iPhoneSimulator.ActiveCfg = Debug|x86
		{44EA9D0D-5A53-4E00-A409-6F95B95D0447}.Debug|x64.ActiveCfg = Debug|x64
		{44EA9D0D-5A53-4E00-A409-6F95B95D0447}.Debug|x64.Build.0 = Debug|x64
		{44EA9D0D-5A53-4E00-A409-6F95B95D0447}.Debug|x64.Deploy.0 = Debug|x64
		{44EA9D0D-5A53-4E00-A409-6F95B95D0447}.Debug|x86.ActiveCfg = Debug|x86
		{44EA9D0D-5A53-4E00-A409-6F95B95D0447}.Debug|x86.Build.0 = Debug|x86
		{44EA9D0D-5A53-4E00-A409-6F95B95D0447}.Debug|x86.Deploy.0 = Debug|x86
		{44EA9D0D-5A53-4E00-A409-6F95B95D0447}.Release|Any CPU.ActiveCfg = Release|x86
		{44EA9D0D-5A53-4E00-A409-6F95B95D0447}.Release|ARM.ActiveCfg = Release|ARM
		{44EA9D0D-5A53-4E00-A409-6F95B95D0447}.Release|ARM.Build.0 = Release|ARM
		{44EA9D0D-5A53-4E00-A409-6F95B95D0447}.Release|ARM.Deploy.0 = Release|ARM
		{44EA9D0D-5A53-4E00-A409-6F95B95D0447}.Release|ARM64.ActiveCfg = Release|ARM64
		{44EA9D0D-5A53-4E00-A409-6F95B95D0447}.Release|ARM64.Build.0 = Release|ARM64
		{44EA9D0D-5A53-4E00-A409-6F95B95D0447}.Release|ARM64.Deploy.0 = Release|ARM64
		{44EA9D0D-5A53-4E00-A409-6F95B95D0447}.Release|iPhone.ActiveCfg = Release|x86
		{44EA9D0D-5A53-4E00-A409-6F95B95D0447}.Release|iPhoneSimulator.ActiveCfg = Release|x86
		{44EA9D0D-5A53-4E00-A409-6F95B95D0447}.Release|x64.ActiveCfg = Release|x64
		{44EA9D0D-5A53-4E00-A409-6F95B95D0447}.Release|x64.Build.0 = Release|x64
		{44EA9D0D-5A53-4E00-A409-6F95B95D0447}.Release|x64.Deploy.0 = Release|x64
		{44EA9D0D-5A53-4E00-A409-6F95B95D0447}.Release|x86.ActiveCfg = Release|x86
		{44EA9D0D-5A53-4E00-A409-6F95B95D0447}.Release|x86.Build.0 = Release|x86
		{44EA9D0D-5A53-4E00-A409-6F95B95D0447}.Release|x86.Deploy.0 = Release|x86
		{E1BCEF52-48BD-4342-BB9B-D8FFA5967B10}.Ad-Hoc|Any CPU.ActiveCfg = Debug|Any CPU
		{E1BCEF52-48BD-4342-BB9B-D8FFA5967B10}.Ad-Hoc|Any CPU.Build.0 = Debug|Any CPU
		{E1BCEF52-48BD-4342-BB9B-D8FFA5967B10}.Ad-Hoc|ARM.ActiveCfg = Debug|Any CPU
		{E1BCEF52-48BD-4342-BB9B-D8FFA5967B10}.Ad-Hoc|ARM.Build.0 = Debug|Any CPU
		{E1BCEF52-48BD-4342-BB9B-D8FFA5967B10}.Ad-Hoc|ARM64.ActiveCfg = Debug|Any CPU
		{E1BCEF52-48BD-4342-BB9B-D8FFA5967B10}.Ad-Hoc|ARM64.Build.0 = Debug|Any CPU
		{E1BCEF52-48BD-4342-BB9B-D8FFA5967B10}.Ad-Hoc|iPhone.ActiveCfg = Debug|Any CPU
		{E1BCEF52-48BD-4342-BB9B-D8FFA5967B10}.Ad-Hoc|iPhone.Build.0 = Debug|Any CPU
		{E1BCEF52-48BD-4342-BB9B-D8FFA5967B10}.Ad-Hoc|iPhoneSimulator.ActiveCfg = Debug|Any CPU
		{E1BCEF52-48BD-4342-BB9B-D8FFA5967B10}.Ad-Hoc|iPhoneSimulator.Build.0 = Debug|Any CPU
		{E1BCEF52-48BD-4342-BB9B-D8FFA5967B10}.Ad-Hoc|x64.ActiveCfg = Debug|Any CPU
		{E1BCEF52-48BD-4342-BB9B-D8FFA5967B10}.Ad-Hoc|x64.Build.0 = Debug|Any CPU
		{E1BCEF52-48BD-4342-BB9B-D8FFA5967B10}.Ad-Hoc|x86.ActiveCfg = Debug|Any CPU
		{E1BCEF52-48BD-4342-BB9B-D8FFA5967B10}.Ad-Hoc|x86.Build.0 = Debug|Any CPU
		{E1BCEF52-48BD-4342-BB9B-D8FFA5967B10}.AppStore|Any CPU.ActiveCfg = Debug|Any CPU
		{E1BCEF52-48BD-4342-BB9B-D8FFA5967B10}.AppStore|Any CPU.Build.0 = Debug|Any CPU
		{E1BCEF52-48BD-4342-BB9B-D8FFA5967B10}.AppStore|ARM.ActiveCfg = Debug|Any CPU
		{E1BCEF52-48BD-4342-BB9B-D8FFA5967B10}.AppStore|ARM.Build.0 = Debug|Any CPU
		{E1BCEF52-48BD-4342-BB9B-D8FFA5967B10}.AppStore|ARM64.ActiveCfg = Debug|Any CPU
		{E1BCEF52-48BD-4342-BB9B-D8FFA5967B10}.AppStore|ARM64.Build.0 = Debug|Any CPU
		{E1BCEF52-48BD-4342-BB9B-D8FFA5967B10}.AppStore|iPhone.ActiveCfg = Debug|Any CPU
		{E1BCEF52-48BD-4342-BB9B-D8FFA5967B10}.AppStore|iPhone.Build.0 = Debug|Any CPU
		{E1BCEF52-48BD-4342-BB9B-D8FFA5967B10}.AppStore|iPhoneSimulator.ActiveCfg = Debug|Any CPU
		{E1BCEF52-48BD-4342-BB9B-D8FFA5967B10}.AppStore|iPhoneSimulator.Build.0 = Debug|Any CPU
		{E1BCEF52-48BD-4342-BB9B-D8FFA5967B10}.AppStore|x64.ActiveCfg = Debug|Any CPU
		{E1BCEF52-48BD-4342-BB9B-D8FFA5967B10}.AppStore|x64.Build.0 = Debug|Any CPU
		{E1BCEF52-48BD-4342-BB9B-D8FFA5967B10}.AppStore|x86.ActiveCfg = Debug|Any CPU
		{E1BCEF52-48BD-4342-BB9B-D8FFA5967B10}.AppStore|x86.Build.0 = Debug|Any CPU
		{E1BCEF52-48BD-4342-BB9B-D8FFA5967B10}.Debug|Any CPU.ActiveCfg = Debug|Any CPU
		{E1BCEF52-48BD-4342-BB9B-D8FFA5967B10}.Debug|Any CPU.Build.0 = Debug|Any CPU
		{E1BCEF52-48BD-4342-BB9B-D8FFA5967B10}.Debug|ARM.ActiveCfg = Debug|Any CPU
		{E1BCEF52-48BD-4342-BB9B-D8FFA5967B10}.Debug|ARM.Build.0 = Debug|Any CPU
		{E1BCEF52-48BD-4342-BB9B-D8FFA5967B10}.Debug|ARM64.ActiveCfg = Debug|Any CPU
		{E1BCEF52-48BD-4342-BB9B-D8FFA5967B10}.Debug|ARM64.Build.0 = Debug|Any CPU
		{E1BCEF52-48BD-4342-BB9B-D8FFA5967B10}.Debug|iPhone.ActiveCfg = Debug|Any CPU
		{E1BCEF52-48BD-4342-BB9B-D8FFA5967B10}.Debug|iPhone.Build.0 = Debug|Any CPU
		{E1BCEF52-48BD-4342-BB9B-D8FFA5967B10}.Debug|iPhoneSimulator.ActiveCfg = Debug|Any CPU
		{E1BCEF52-48BD-4342-BB9B-D8FFA5967B10}.Debug|iPhoneSimulator.Build.0 = Debug|Any CPU
		{E1BCEF52-48BD-4342-BB9B-D8FFA5967B10}.Debug|x64.ActiveCfg = Debug|Any CPU
		{E1BCEF52-48BD-4342-BB9B-D8FFA5967B10}.Debug|x64.Build.0 = Debug|Any CPU
		{E1BCEF52-48BD-4342-BB9B-D8FFA5967B10}.Debug|x86.ActiveCfg = Debug|Any CPU
		{E1BCEF52-48BD-4342-BB9B-D8FFA5967B10}.Debug|x86.Build.0 = Debug|Any CPU
		{E1BCEF52-48BD-4342-BB9B-D8FFA5967B10}.Release|Any CPU.ActiveCfg = Release|Any CPU
		{E1BCEF52-48BD-4342-BB9B-D8FFA5967B10}.Release|Any CPU.Build.0 = Release|Any CPU
		{E1BCEF52-48BD-4342-BB9B-D8FFA5967B10}.Release|ARM.ActiveCfg = Release|Any CPU
		{E1BCEF52-48BD-4342-BB9B-D8FFA5967B10}.Release|ARM.Build.0 = Release|Any CPU
		{E1BCEF52-48BD-4342-BB9B-D8FFA5967B10}.Release|ARM64.ActiveCfg = Release|Any CPU
		{E1BCEF52-48BD-4342-BB9B-D8FFA5967B10}.Release|ARM64.Build.0 = Release|Any CPU
		{E1BCEF52-48BD-4342-BB9B-D8FFA5967B10}.Release|iPhone.ActiveCfg = Release|Any CPU
		{E1BCEF52-48BD-4342-BB9B-D8FFA5967B10}.Release|iPhone.Build.0 = Release|Any CPU
		{E1BCEF52-48BD-4342-BB9B-D8FFA5967B10}.Release|iPhoneSimulator.ActiveCfg = Release|Any CPU
		{E1BCEF52-48BD-4342-BB9B-D8FFA5967B10}.Release|iPhoneSimulator.Build.0 = Release|Any CPU
		{E1BCEF52-48BD-4342-BB9B-D8FFA5967B10}.Release|x64.ActiveCfg = Release|Any CPU
		{E1BCEF52-48BD-4342-BB9B-D8FFA5967B10}.Release|x64.Build.0 = Release|Any CPU
		{E1BCEF52-48BD-4342-BB9B-D8FFA5967B10}.Release|x86.ActiveCfg = Release|Any CPU
		{E1BCEF52-48BD-4342-BB9B-D8FFA5967B10}.Release|x86.Build.0 = Release|Any CPU
		{9D4711F6-6B2C-4E87-80E5-69C3B2BCB8F9}.Ad-Hoc|Any CPU.ActiveCfg = Release|iPhoneSimulator
		{9D4711F6-6B2C-4E87-80E5-69C3B2BCB8F9}.Ad-Hoc|Any CPU.Build.0 = Release|iPhoneSimulator
		{9D4711F6-6B2C-4E87-80E5-69C3B2BCB8F9}.Ad-Hoc|ARM.ActiveCfg = Release|iPhoneSimulator
		{9D4711F6-6B2C-4E87-80E5-69C3B2BCB8F9}.Ad-Hoc|ARM.Build.0 = Release|iPhoneSimulator
		{9D4711F6-6B2C-4E87-80E5-69C3B2BCB8F9}.Ad-Hoc|ARM64.ActiveCfg = Release|iPhoneSimulator
		{9D4711F6-6B2C-4E87-80E5-69C3B2BCB8F9}.Ad-Hoc|ARM64.Build.0 = Release|iPhoneSimulator
		{9D4711F6-6B2C-4E87-80E5-69C3B2BCB8F9}.Ad-Hoc|iPhone.ActiveCfg = Release|iPhoneSimulator
		{9D4711F6-6B2C-4E87-80E5-69C3B2BCB8F9}.Ad-Hoc|iPhone.Build.0 = Release|iPhoneSimulator
		{9D4711F6-6B2C-4E87-80E5-69C3B2BCB8F9}.Ad-Hoc|iPhoneSimulator.ActiveCfg = Release|iPhoneSimulator
		{9D4711F6-6B2C-4E87-80E5-69C3B2BCB8F9}.Ad-Hoc|iPhoneSimulator.Build.0 = Release|iPhoneSimulator
		{9D4711F6-6B2C-4E87-80E5-69C3B2BCB8F9}.Ad-Hoc|x64.ActiveCfg = Release|iPhoneSimulator
		{9D4711F6-6B2C-4E87-80E5-69C3B2BCB8F9}.Ad-Hoc|x64.Build.0 = Release|iPhoneSimulator
		{9D4711F6-6B2C-4E87-80E5-69C3B2BCB8F9}.Ad-Hoc|x86.ActiveCfg = Release|iPhoneSimulator
		{9D4711F6-6B2C-4E87-80E5-69C3B2BCB8F9}.Ad-Hoc|x86.Build.0 = Release|iPhoneSimulator
		{9D4711F6-6B2C-4E87-80E5-69C3B2BCB8F9}.AppStore|Any CPU.ActiveCfg = Release|iPhoneSimulator
		{9D4711F6-6B2C-4E87-80E5-69C3B2BCB8F9}.AppStore|Any CPU.Build.0 = Release|iPhoneSimulator
		{9D4711F6-6B2C-4E87-80E5-69C3B2BCB8F9}.AppStore|ARM.ActiveCfg = Release|iPhoneSimulator
		{9D4711F6-6B2C-4E87-80E5-69C3B2BCB8F9}.AppStore|ARM.Build.0 = Release|iPhoneSimulator
		{9D4711F6-6B2C-4E87-80E5-69C3B2BCB8F9}.AppStore|ARM64.ActiveCfg = Release|iPhoneSimulator
		{9D4711F6-6B2C-4E87-80E5-69C3B2BCB8F9}.AppStore|ARM64.Build.0 = Release|iPhoneSimulator
		{9D4711F6-6B2C-4E87-80E5-69C3B2BCB8F9}.AppStore|iPhone.ActiveCfg = Release|iPhoneSimulator
		{9D4711F6-6B2C-4E87-80E5-69C3B2BCB8F9}.AppStore|iPhone.Build.0 = Release|iPhoneSimulator
		{9D4711F6-6B2C-4E87-80E5-69C3B2BCB8F9}.AppStore|iPhoneSimulator.ActiveCfg = Release|iPhoneSimulator
		{9D4711F6-6B2C-4E87-80E5-69C3B2BCB8F9}.AppStore|iPhoneSimulator.Build.0 = Release|iPhoneSimulator
		{9D4711F6-6B2C-4E87-80E5-69C3B2BCB8F9}.AppStore|x64.ActiveCfg = Release|iPhoneSimulator
		{9D4711F6-6B2C-4E87-80E5-69C3B2BCB8F9}.AppStore|x64.Build.0 = Release|iPhoneSimulator
		{9D4711F6-6B2C-4E87-80E5-69C3B2BCB8F9}.AppStore|x86.ActiveCfg = Release|iPhoneSimulator
		{9D4711F6-6B2C-4E87-80E5-69C3B2BCB8F9}.AppStore|x86.Build.0 = Release|iPhoneSimulator
		{9D4711F6-6B2C-4E87-80E5-69C3B2BCB8F9}.Debug|Any CPU.ActiveCfg = Debug|iPhoneSimulator
		{9D4711F6-6B2C-4E87-80E5-69C3B2BCB8F9}.Debug|ARM.ActiveCfg = Debug|iPhoneSimulator
		{9D4711F6-6B2C-4E87-80E5-69C3B2BCB8F9}.Debug|ARM64.ActiveCfg = Debug|iPhoneSimulator
		{9D4711F6-6B2C-4E87-80E5-69C3B2BCB8F9}.Debug|iPhone.ActiveCfg = Debug|iPhoneSimulator
		{9D4711F6-6B2C-4E87-80E5-69C3B2BCB8F9}.Debug|iPhoneSimulator.ActiveCfg = Debug|iPhoneSimulator
		{9D4711F6-6B2C-4E87-80E5-69C3B2BCB8F9}.Debug|iPhoneSimulator.Build.0 = Debug|iPhoneSimulator
		{9D4711F6-6B2C-4E87-80E5-69C3B2BCB8F9}.Debug|x64.ActiveCfg = Debug|iPhoneSimulator
		{9D4711F6-6B2C-4E87-80E5-69C3B2BCB8F9}.Debug|x86.ActiveCfg = Debug|iPhoneSimulator
		{9D4711F6-6B2C-4E87-80E5-69C3B2BCB8F9}.Release|Any CPU.ActiveCfg = Release|iPhoneSimulator
		{9D4711F6-6B2C-4E87-80E5-69C3B2BCB8F9}.Release|ARM.ActiveCfg = Release|iPhoneSimulator
		{9D4711F6-6B2C-4E87-80E5-69C3B2BCB8F9}.Release|ARM64.ActiveCfg = Release|iPhoneSimulator
		{9D4711F6-6B2C-4E87-80E5-69C3B2BCB8F9}.Release|iPhone.ActiveCfg = Release|iPhoneSimulator
		{9D4711F6-6B2C-4E87-80E5-69C3B2BCB8F9}.Release|iPhoneSimulator.ActiveCfg = Release|iPhoneSimulator
		{9D4711F6-6B2C-4E87-80E5-69C3B2BCB8F9}.Release|iPhoneSimulator.Build.0 = Release|iPhoneSimulator
		{9D4711F6-6B2C-4E87-80E5-69C3B2BCB8F9}.Release|x64.ActiveCfg = Release|iPhoneSimulator
		{9D4711F6-6B2C-4E87-80E5-69C3B2BCB8F9}.Release|x86.ActiveCfg = Release|iPhoneSimulator
	EndGlobalSection
	GlobalSection(SolutionProperties) = preSolution
		HideSolutionNode = FALSE
	EndGlobalSection
	GlobalSection(ExtensibilityGlobals) = postSolution
		SolutionGuid = {316624E9-EFE0-4589-804B-717835B4C08D}
	EndGlobalSection
EndGlobal
